// !$*UTF8*$!
{
	archiveVersion = 1;
	classes = {
	};
	objectVersion = 56;
	objects = {

/* Begin PBXBuildFile section */
		2475D80228E3CED700630DE5 /* blackmarketApp.swift in Sources */ = {isa = PBXBuildFile; fileRef = 2475D80128E3CED700630DE5 /* blackmarketApp.swift */; };
		2475D80428E3CED700630DE5 /* ContentView.swift in Sources */ = {isa = PBXBuildFile; fileRef = 2475D80328E3CED700630DE5 /* ContentView.swift */; };
		2475D80628E3CED800630DE5 /* Assets.xcassets in Resources */ = {isa = PBXBuildFile; fileRef = 2475D80528E3CED800630DE5 /* Assets.xcassets */; };
		2475D80A28E3CED800630DE5 /* Preview Assets.xcassets in Resources */ = {isa = PBXBuildFile; fileRef = 2475D80928E3CED800630DE5 /* Preview Assets.xcassets */; };
		2475D81428E3CED800630DE5 /* blackmarketTests.swift in Sources */ = {isa = PBXBuildFile; fileRef = 2475D81328E3CED800630DE5 /* blackmarketTests.swift */; };
		2475D81E28E3CED800630DE5 /* blackmarketUITests.swift in Sources */ = {isa = PBXBuildFile; fileRef = 2475D81D28E3CED800630DE5 /* blackmarketUITests.swift */; };
		2475D82028E3CED800630DE5 /* blackmarketUITestsLaunchTests.swift in Sources */ = {isa = PBXBuildFile; fileRef = 2475D81F28E3CED800630DE5 /* blackmarketUITestsLaunchTests.swift */; };
/* End PBXBuildFile section */

/* Begin PBXContainerItemProxy section */
		2475D81028E3CED800630DE5 /* PBXContainerItemProxy */ = {
			isa = PBXContainerItemProxy;
			containerPortal = 2475D7F628E3CED700630DE5 /* Project object */;
			proxyType = 1;
			remoteGlobalIDString = 2475D7FD28E3CED700630DE5;
			remoteInfo = blackmarket;
		};
		2475D81A28E3CED800630DE5 /* PBXContainerItemProxy */ = {
			isa = PBXContainerItemProxy;
			containerPortal = 2475D7F628E3CED700630DE5 /* Project object */;
			proxyType = 1;
			remoteGlobalIDString = 2475D7FD28E3CED700630DE5;
			remoteInfo = blackmarket;
		};
/* End PBXContainerItemProxy section */

/* Begin PBXFileReference section */
		2475D7FE28E3CED700630DE5 /* blackmarket.app */ = {isa = PBXFileReference; explicitFileType = wrapper.application; includeInIndex = 0; path = blackmarket.app; sourceTree = BUILT_PRODUCTS_DIR; };
		2475D80128E3CED700630DE5 /* blackmarketApp.swift */ = {isa = PBXFileReference; lastKnownFileType = sourcecode.swift; path = blackmarketApp.swift; sourceTree = "<group>"; };
		2475D80328E3CED700630DE5 /* ContentView.swift */ = {isa = PBXFileReference; lastKnownFileType = sourcecode.swift; path = ContentView.swift; sourceTree = "<group>"; };
		2475D80528E3CED800630DE5 /* Assets.xcassets */ = {isa = PBXFileReference; lastKnownFileType = folder.assetcatalog; path = Assets.xcassets; sourceTree = "<group>"; };
		2475D80728E3CED800630DE5 /* blackmarket.entitlements */ = {isa = PBXFileReference; lastKnownFileType = text.plist.entitlements; path = blackmarket.entitlements; sourceTree = "<group>"; };
		2475D80928E3CED800630DE5 /* Preview Assets.xcassets */ = {isa = PBXFileReference; lastKnownFileType = folder.assetcatalog; path = "Preview Assets.xcassets"; sourceTree = "<group>"; };
		2475D80F28E3CED800630DE5 /* blackmarketTests.xctest */ = {isa = PBXFileReference; explicitFileType = wrapper.cfbundle; includeInIndex = 0; path = blackmarketTests.xctest; sourceTree = BUILT_PRODUCTS_DIR; };
		2475D81328E3CED800630DE5 /* blackmarketTests.swift */ = {isa = PBXFileReference; lastKnownFileType = sourcecode.swift; path = blackmarketTests.swift; sourceTree = "<group>"; };
		2475D81928E3CED800630DE5 /* blackmarketUITests.xctest */ = {isa = PBXFileReference; explicitFileType = wrapper.cfbundle; includeInIndex = 0; path = blackmarketUITests.xctest; sourceTree = BUILT_PRODUCTS_DIR; };
		2475D81D28E3CED800630DE5 /* blackmarketUITests.swift */ = {isa = PBXFileReference; lastKnownFileType = sourcecode.swift; path = blackmarketUITests.swift; sourceTree = "<group>"; };
		2475D81F28E3CED800630DE5 /* blackmarketUITestsLaunchTests.swift */ = {isa = PBXFileReference; lastKnownFileType = sourcecode.swift; path = blackmarketUITestsLaunchTests.swift; sourceTree = "<group>"; };
/* End PBXFileReference section */

/* Begin PBXFrameworksBuildPhase section */
		2475D7FB28E3CED700630DE5 /* Frameworks */ = {
			isa = PBXFrameworksBuildPhase;
			buildActionMask = 2147483647;
			files = (
			);
			runOnlyForDeploymentPostprocessing = 0;
		};
		2475D80C28E3CED800630DE5 /* Frameworks */ = {
			isa = PBXFrameworksBuildPhase;
			buildActionMask = 2147483647;
			files = (
			);
			runOnlyForDeploymentPostprocessing = 0;
		};
		2475D81628E3CED800630DE5 /* Frameworks */ = {
			isa = PBXFrameworksBuildPhase;
			buildActionMask = 2147483647;
			files = (
			);
			runOnlyForDeploymentPostprocessing = 0;
		};
/* End PBXFrameworksBuildPhase section */

/* Begin PBXGroup section */
		2475D7F528E3CED700630DE5 = {
			isa = PBXGroup;
			children = (
				2475D80028E3CED700630DE5 /* blackmarket */,
				2475D81228E3CED800630DE5 /* blackmarketTests */,
				2475D81C28E3CED800630DE5 /* blackmarketUITests */,
				2475D7FF28E3CED700630DE5 /* Products */,
			);
			sourceTree = "<group>";
		};
		2475D7FF28E3CED700630DE5 /* Products */ = {
			isa = PBXGroup;
			children = (
				2475D7FE28E3CED700630DE5 /* blackmarket.app */,
				2475D80F28E3CED800630DE5 /* blackmarketTests.xctest */,
				2475D81928E3CED800630DE5 /* blackmarketUITests.xctest */,
			);
			name = Products;
			sourceTree = "<group>";
		};
		2475D80028E3CED700630DE5 /* blackmarket */ = {
			isa = PBXGroup;
			children = (
				2475D80128E3CED700630DE5 /* blackmarketApp.swift */,
				2475D80328E3CED700630DE5 /* ContentView.swift */,
				2475D80528E3CED800630DE5 /* Assets.xcassets */,
				2475D80728E3CED800630DE5 /* blackmarket.entitlements */,
				2475D80828E3CED800630DE5 /* Preview Content */,
			);
			path = blackmarket;
			sourceTree = "<group>";
		};
		2475D80828E3CED800630DE5 /* Preview Content */ = {
			isa = PBXGroup;
			children = (
				2475D80928E3CED800630DE5 /* Preview Assets.xcassets */,
			);
			path = "Preview Content";
			sourceTree = "<group>";
		};
		2475D81228E3CED800630DE5 /* blackmarketTests */ = {
			isa = PBXGroup;
			children = (
				2475D81328E3CED800630DE5 /* blackmarketTests.swift */,
			);
			path = blackmarketTests;
			sourceTree = "<group>";
		};
		2475D81C28E3CED800630DE5 /* blackmarketUITests */ = {
			isa = PBXGroup;
			children = (
				2475D81D28E3CED800630DE5 /* blackmarketUITests.swift */,
				2475D81F28E3CED800630DE5 /* blackmarketUITestsLaunchTests.swift */,
			);
			path = blackmarketUITests;
			sourceTree = "<group>";
		};
/* End PBXGroup section */

/* Begin PBXNativeTarget section */
		2475D7FD28E3CED700630DE5 /* blackmarket */ = {
			isa = PBXNativeTarget;
			buildConfigurationList = 2475D82328E3CED800630DE5 /* Build configuration list for PBXNativeTarget "blackmarket" */;
			buildPhases = (
				2475D7FA28E3CED700630DE5 /* Sources */,
				2475D7FB28E3CED700630DE5 /* Frameworks */,
				2475D7FC28E3CED700630DE5 /* Resources */,
			);
			buildRules = (
			);
			dependencies = (
			);
			name = blackmarket;
			productName = blackmarket;
			productReference = 2475D7FE28E3CED700630DE5 /* blackmarket.app */;
			productType = "com.apple.product-type.application";
		};
		2475D80E28E3CED800630DE5 /* blackmarketTests */ = {
			isa = PBXNativeTarget;
			buildConfigurationList = 2475D82628E3CED800630DE5 /* Build configuration list for PBXNativeTarget "blackmarketTests" */;
			buildPhases = (
				2475D80B28E3CED800630DE5 /* Sources */,
				2475D80C28E3CED800630DE5 /* Frameworks */,
				2475D80D28E3CED800630DE5 /* Resources */,
			);
			buildRules = (
			);
			dependencies = (
				2475D81128E3CED800630DE5 /* PBXTargetDependency */,
			);
			name = blackmarketTests;
			productName = blackmarketTests;
			productReference = 2475D80F28E3CED800630DE5 /* blackmarketTests.xctest */;
			productType = "com.apple.product-type.bundle.unit-test";
		};
		2475D81828E3CED800630DE5 /* blackmarketUITests */ = {
			isa = PBXNativeTarget;
			buildConfigurationList = 2475D82928E3CED800630DE5 /* Build configuration list for PBXNativeTarget "blackmarketUITests" */;
			buildPhases = (
				2475D81528E3CED800630DE5 /* Sources */,
				2475D81628E3CED800630DE5 /* Frameworks */,
				2475D81728E3CED800630DE5 /* Resources */,
			);
			buildRules = (
			);
			dependencies = (
				2475D81B28E3CED800630DE5 /* PBXTargetDependency */,
			);
			name = blackmarketUITests;
			productName = blackmarketUITests;
			productReference = 2475D81928E3CED800630DE5 /* blackmarketUITests.xctest */;
			productType = "com.apple.product-type.bundle.ui-testing";
		};
/* End PBXNativeTarget section */

/* Begin PBXProject section */
		2475D7F628E3CED700630DE5 /* Project object */ = {
			isa = PBXProject;
			attributes = {
				BuildIndependentTargetsInParallel = 1;
				LastSwiftUpdateCheck = 1400;
				LastUpgradeCheck = 1400;
				TargetAttributes = {
					2475D7FD28E3CED700630DE5 = {
						CreatedOnToolsVersion = 14.0;
					};
					2475D80E28E3CED800630DE5 = {
						CreatedOnToolsVersion = 14.0;
						TestTargetID = 2475D7FD28E3CED700630DE5;
					};
					2475D81828E3CED800630DE5 = {
						CreatedOnToolsVersion = 14.0;
						TestTargetID = 2475D7FD28E3CED700630DE5;
					};
				};
			};
			buildConfigurationList = 2475D7F928E3CED700630DE5 /* Build configuration list for PBXProject "blackmarket" */;
			compatibilityVersion = "Xcode 14.0";
			developmentRegion = en;
			hasScannedForEncodings = 0;
			knownRegions = (
				en,
				Base,
			);
			mainGroup = 2475D7F528E3CED700630DE5;
			productRefGroup = 2475D7FF28E3CED700630DE5 /* Products */;
			projectDirPath = "";
			projectRoot = "";
			targets = (
				2475D7FD28E3CED700630DE5 /* blackmarket */,
				2475D80E28E3CED800630DE5 /* blackmarketTests */,
				2475D81828E3CED800630DE5 /* blackmarketUITests */,
			);
		};
/* End PBXProject section */

/* Begin PBXResourcesBuildPhase section */
		2475D7FC28E3CED700630DE5 /* Resources */ = {
			isa = PBXResourcesBuildPhase;
			buildActionMask = 2147483647;
			files = (
				2475D80A28E3CED800630DE5 /* Preview Assets.xcassets in Resources */,
				2475D80628E3CED800630DE5 /* Assets.xcassets in Resources */,
			);
			runOnlyForDeploymentPostprocessing = 0;
		};
		2475D80D28E3CED800630DE5 /* Resources */ = {
			isa = PBXResourcesBuildPhase;
			buildActionMask = 2147483647;
			files = (
			);
			runOnlyForDeploymentPostprocessing = 0;
		};
		2475D81728E3CED800630DE5 /* Resources */ = {
			isa = PBXResourcesBuildPhase;
			buildActionMask = 2147483647;
			files = (
			);
			runOnlyForDeploymentPostprocessing = 0;
		};
/* End PBXResourcesBuildPhase section */

/* Begin PBXSourcesBuildPhase section */
		2475D7FA28E3CED700630DE5 /* Sources */ = {
			isa = PBXSourcesBuildPhase;
			buildActionMask = 2147483647;
			files = (
				2475D80428E3CED700630DE5 /* ContentView.swift in Sources */,
				2475D80228E3CED700630DE5 /* blackmarketApp.swift in Sources */,
			);
			runOnlyForDeploymentPostprocessing = 0;
		};
		2475D80B28E3CED800630DE5 /* Sources */ = {
			isa = PBXSourcesBuildPhase;
			buildActionMask = 2147483647;
			files = (
				2475D81428E3CED800630DE5 /* blackmarketTests.swift in Sources */,
			);
			runOnlyForDeploymentPostprocessing = 0;
		};
		2475D81528E3CED800630DE5 /* Sources */ = {
			isa = PBXSourcesBuildPhase;
			buildActionMask = 2147483647;
			files = (
				2475D82028E3CED800630DE5 /* blackmarketUITestsLaunchTests.swift in Sources */,
				2475D81E28E3CED800630DE5 /* blackmarketUITests.swift in Sources */,
			);
			runOnlyForDeploymentPostprocessing = 0;
		};
/* End PBXSourcesBuildPhase section */

/* Begin PBXTargetDependency section */
		2475D81128E3CED800630DE5 /* PBXTargetDependency */ = {
			isa = PBXTargetDependency;
			target = 2475D7FD28E3CED700630DE5 /* blackmarket */;
			targetProxy = 2475D81028E3CED800630DE5 /* PBXContainerItemProxy */;
		};
		2475D81B28E3CED800630DE5 /* PBXTargetDependency */ = {
			isa = PBXTargetDependency;
			target = 2475D7FD28E3CED700630DE5 /* blackmarket */;
			targetProxy = 2475D81A28E3CED800630DE5 /* PBXContainerItemProxy */;
		};
/* End PBXTargetDependency section */

/* Begin XCBuildConfiguration section */
		2475D82128E3CED800630DE5 /* Debug */ = {
			isa = XCBuildConfiguration;
			buildSettings = {
				ALWAYS_SEARCH_USER_PATHS = NO;
				CLANG_ANALYZER_NONNULL = YES;
				CLANG_ANALYZER_NUMBER_OBJECT_CONVERSION = YES_AGGRESSIVE;
				CLANG_CXX_LANGUAGE_STANDARD = "gnu++20";
				CLANG_ENABLE_MODULES = YES;
				CLANG_ENABLE_OBJC_ARC = YES;
				CLANG_ENABLE_OBJC_WEAK = YES;
				CLANG_WARN_BLOCK_CAPTURE_AUTORELEASING = YES;
				CLANG_WARN_BOOL_CONVERSION = YES;
				CLANG_WARN_COMMA = YES;
				CLANG_WARN_CONSTANT_CONVERSION = YES;
				CLANG_WARN_DEPRECATED_OBJC_IMPLEMENTATIONS = YES;
				CLANG_WARN_DIRECT_OBJC_ISA_USAGE = YES_ERROR;
				CLANG_WARN_DOCUMENTATION_COMMENTS = YES;
				CLANG_WARN_EMPTY_BODY = YES;
				CLANG_WARN_ENUM_CONVERSION = YES;
				CLANG_WARN_INFINITE_RECURSION = YES;
				CLANG_WARN_INT_CONVERSION = YES;
				CLANG_WARN_NON_LITERAL_NULL_CONVERSION = YES;
				CLANG_WARN_OBJC_IMPLICIT_RETAIN_SELF = YES;
				CLANG_WARN_OBJC_LITERAL_CONVERSION = YES;
				CLANG_WARN_OBJC_ROOT_CLASS = YES_ERROR;
				CLANG_WARN_QUOTED_INCLUDE_IN_FRAMEWORK_HEADER = YES;
				CLANG_WARN_RANGE_LOOP_ANALYSIS = YES;
				CLANG_WARN_STRICT_PROTOTYPES = YES;
				CLANG_WARN_SUSPICIOUS_MOVE = YES;
				CLANG_WARN_UNGUARDED_AVAILABILITY = YES_AGGRESSIVE;
				CLANG_WARN_UNREACHABLE_CODE = YES;
				CLANG_WARN__DUPLICATE_METHOD_MATCH = YES;
				COPY_PHASE_STRIP = NO;
				DEBUG_INFORMATION_FORMAT = dwarf;
				ENABLE_STRICT_OBJC_MSGSEND = YES;
				ENABLE_TESTABILITY = YES;
				GCC_C_LANGUAGE_STANDARD = gnu11;
				GCC_DYNAMIC_NO_PIC = NO;
				GCC_NO_COMMON_BLOCKS = YES;
				GCC_OPTIMIZATION_LEVEL = 0;
				GCC_PREPROCESSOR_DEFINITIONS = (
					"DEBUG=1",
					"$(inherited)",
				);
				GCC_WARN_64_TO_32_BIT_CONVERSION = YES;
				GCC_WARN_ABOUT_RETURN_TYPE = YES_ERROR;
				GCC_WARN_UNDECLARED_SELECTOR = YES;
				GCC_WARN_UNINITIALIZED_AUTOS = YES_AGGRESSIVE;
				GCC_WARN_UNUSED_FUNCTION = YES;
				GCC_WARN_UNUSED_VARIABLE = YES;
				MTL_ENABLE_DEBUG_INFO = INCLUDE_SOURCE;
				MTL_FAST_MATH = YES;
				ONLY_ACTIVE_ARCH = YES;
				SWIFT_ACTIVE_COMPILATION_CONDITIONS = DEBUG;
				SWIFT_OPTIMIZATION_LEVEL = "-Onone";
			};
			name = Debug;
		};
		2475D82228E3CED800630DE5 /* Release */ = {
			isa = XCBuildConfiguration;
			buildSettings = {
				ALWAYS_SEARCH_USER_PATHS = NO;
				CLANG_ANALYZER_NONNULL = YES;
				CLANG_ANALYZER_NUMBER_OBJECT_CONVERSION = YES_AGGRESSIVE;
				CLANG_CXX_LANGUAGE_STANDARD = "gnu++20";
				CLANG_ENABLE_MODULES = YES;
				CLANG_ENABLE_OBJC_ARC = YES;
				CLANG_ENABLE_OBJC_WEAK = YES;
				CLANG_WARN_BLOCK_CAPTURE_AUTORELEASING = YES;
				CLANG_WARN_BOOL_CONVERSION = YES;
				CLANG_WARN_COMMA = YES;
				CLANG_WARN_CONSTANT_CONVERSION = YES;
				CLANG_WARN_DEPRECATED_OBJC_IMPLEMENTATIONS = YES;
				CLANG_WARN_DIRECT_OBJC_ISA_USAGE = YES_ERROR;
				CLANG_WARN_DOCUMENTATION_COMMENTS = YES;
				CLANG_WARN_EMPTY_BODY = YES;
				CLANG_WARN_ENUM_CONVERSION = YES;
				CLANG_WARN_INFINITE_RECURSION = YES;
				CLANG_WARN_INT_CONVERSION = YES;
				CLANG_WARN_NON_LITERAL_NULL_CONVERSION = YES;
				CLANG_WARN_OBJC_IMPLICIT_RETAIN_SELF = YES;
				CLANG_WARN_OBJC_LITERAL_CONVERSION = YES;
				CLANG_WARN_OBJC_ROOT_CLASS = YES_ERROR;
				CLANG_WARN_QUOTED_INCLUDE_IN_FRAMEWORK_HEADER = YES;
				CLANG_WARN_RANGE_LOOP_ANALYSIS = YES;
				CLANG_WARN_STRICT_PROTOTYPES = YES;
				CLANG_WARN_SUSPICIOUS_MOVE = YES;
				CLANG_WARN_UNGUARDED_AVAILABILITY = YES_AGGRESSIVE;
				CLANG_WARN_UNREACHABLE_CODE = YES;
				CLANG_WARN__DUPLICATE_METHOD_MATCH = YES;
				COPY_PHASE_STRIP = NO;
				DEBUG_INFORMATION_FORMAT = "dwarf-with-dsym";
				ENABLE_NS_ASSERTIONS = NO;
				ENABLE_STRICT_OBJC_MSGSEND = YES;
				GCC_C_LANGUAGE_STANDARD = gnu11;
				GCC_NO_COMMON_BLOCKS = YES;
				GCC_WARN_64_TO_32_BIT_CONVERSION = YES;
				GCC_WARN_ABOUT_RETURN_TYPE = YES_ERROR;
				GCC_WARN_UNDECLARED_SELECTOR = YES;
				GCC_WARN_UNINITIALIZED_AUTOS = YES_AGGRESSIVE;
				GCC_WARN_UNUSED_FUNCTION = YES;
				GCC_WARN_UNUSED_VARIABLE = YES;
				MTL_ENABLE_DEBUG_INFO = NO;
				MTL_FAST_MATH = YES;
				SWIFT_COMPILATION_MODE = wholemodule;
				SWIFT_OPTIMIZATION_LEVEL = "-O";
			};
			name = Release;
		};
		2475D82428E3CED800630DE5 /* Debug */ = {
			isa = XCBuildConfiguration;
			buildSettings = {
				ASSETCATALOG_COMPILER_APPICON_NAME = AppIcon;
				ASSETCATALOG_COMPILER_GLOBAL_ACCENT_COLOR_NAME = AccentColor;
				CODE_SIGN_ENTITLEMENTS = blackmarket/blackmarket.entitlements;
				CODE_SIGN_STYLE = Automatic;
				CURRENT_PROJECT_VERSION = 1;
				DEVELOPMENT_ASSET_PATHS = "\"blackmarket/Preview Content\"";
				DEVELOPMENT_TEAM = W2U7ETVQ2D;
				ENABLE_HARDENED_RUNTIME = YES;
				ENABLE_PREVIEWS = YES;
				GENERATE_INFOPLIST_FILE = YES;
				"INFOPLIST_KEY_UIApplicationSceneManifest_Generation[sdk=iphoneos*]" = YES;
				"INFOPLIST_KEY_UIApplicationSceneManifest_Generation[sdk=iphonesimulator*]" = YES;
				"INFOPLIST_KEY_UIApplicationSupportsIndirectInputEvents[sdk=iphoneos*]" = YES;
				"INFOPLIST_KEY_UIApplicationSupportsIndirectInputEvents[sdk=iphonesimulator*]" = YES;
				"INFOPLIST_KEY_UILaunchScreen_Generation[sdk=iphoneos*]" = YES;
				"INFOPLIST_KEY_UILaunchScreen_Generation[sdk=iphonesimulator*]" = YES;
				"INFOPLIST_KEY_UIStatusBarStyle[sdk=iphoneos*]" = UIStatusBarStyleDefault;
				"INFOPLIST_KEY_UIStatusBarStyle[sdk=iphonesimulator*]" = UIStatusBarStyleDefault;
				INFOPLIST_KEY_UISupportedInterfaceOrientations_iPad = "UIInterfaceOrientationPortrait UIInterfaceOrientationPortraitUpsideDown UIInterfaceOrientationLandscapeLeft UIInterfaceOrientationLandscapeRight";
				INFOPLIST_KEY_UISupportedInterfaceOrientations_iPhone = "UIInterfaceOrientationPortrait UIInterfaceOrientationLandscapeLeft UIInterfaceOrientationLandscapeRight";
				IPHONEOS_DEPLOYMENT_TARGET = 16.0;
				LD_RUNPATH_SEARCH_PATHS = "@executable_path/Frameworks";
				"LD_RUNPATH_SEARCH_PATHS[sdk=macosx*]" = "@executable_path/../Frameworks";
				MACOSX_DEPLOYMENT_TARGET = 12.3;
				MARKETING_VERSION = 1.0;
				PRODUCT_BUNDLE_IDENTIFIER = danielparra.blackmarket;
				PRODUCT_NAME = "$(TARGET_NAME)";
				SDKROOT = auto;
				SUPPORTED_PLATFORMS = "iphoneos iphonesimulator macosx";
				SWIFT_EMIT_LOC_STRINGS = YES;
				SWIFT_VERSION = 5.0;
				TARGETED_DEVICE_FAMILY = "1,2";
			};
			name = Debug;
		};
		2475D82528E3CED800630DE5 /* Release */ = {
			isa = XCBuildConfiguration;
			buildSettings = {
				ASSETCATALOG_COMPILER_APPICON_NAME = AppIcon;
				ASSETCATALOG_COMPILER_GLOBAL_ACCENT_COLOR_NAME = AccentColor;
				CODE_SIGN_ENTITLEMENTS = blackmarket/blackmarket.entitlements;
				CODE_SIGN_STYLE = Automatic;
				CURRENT_PROJECT_VERSION = 1;
				DEVELOPMENT_ASSET_PATHS = "\"blackmarket/Preview Content\"";
				DEVELOPMENT_TEAM = W2U7ETVQ2D;
				ENABLE_HARDENED_RUNTIME = YES;
				ENABLE_PREVIEWS = YES;
				GENERATE_INFOPLIST_FILE = YES;
				"INFOPLIST_KEY_UIApplicationSceneManifest_Generation[sdk=iphoneos*]" = YES;
				"INFOPLIST_KEY_UIApplicationSceneManifest_Generation[sdk=iphonesimulator*]" = YES;
				"INFOPLIST_KEY_UIApplicationSupportsIndirectInputEvents[sdk=iphoneos*]" = YES;
				"INFOPLIST_KEY_UIApplicationSupportsIndirectInputEvents[sdk=iphonesimulator*]" = YES;
				"INFOPLIST_KEY_UILaunchScreen_Generation[sdk=iphoneos*]" = YES;
				"INFOPLIST_KEY_UILaunchScreen_Generation[sdk=iphonesimulator*]" = YES;
				"INFOPLIST_KEY_UIStatusBarStyle[sdk=iphoneos*]" = UIStatusBarStyleDefault;
				"INFOPLIST_KEY_UIStatusBarStyle[sdk=iphonesimulator*]" = UIStatusBarStyleDefault;
				INFOPLIST_KEY_UISupportedInterfaceOrientations_iPad = "UIInterfaceOrientationPortrait UIInterfaceOrientationPortraitUpsideDown UIInterfaceOrientationLandscapeLeft UIInterfaceOrientationLandscapeRight";
				INFOPLIST_KEY_UISupportedInterfaceOrientations_iPhone = "UIInterfaceOrientationPortrait UIInterfaceOrientationLandscapeLeft UIInterfaceOrientationLandscapeRight";
				IPHONEOS_DEPLOYMENT_TARGET = 16.0;
				LD_RUNPATH_SEARCH_PATHS = "@executable_path/Frameworks";
				"LD_RUNPATH_SEARCH_PATHS[sdk=macosx*]" = "@executable_path/../Frameworks";
				MACOSX_DEPLOYMENT_TARGET = 12.3;
				MARKETING_VERSION = 1.0;
				PRODUCT_BUNDLE_IDENTIFIER = danielparra.blackmarket;
				PRODUCT_NAME = "$(TARGET_NAME)";
				SDKROOT = auto;
				SUPPORTED_PLATFORMS = "iphoneos iphonesimulator macosx";
				SWIFT_EMIT_LOC_STRINGS = YES;
				SWIFT_VERSION = 5.0;
				TARGETED_DEVICE_FAMILY = "1,2";
			};
			name = Release;
		};
		2475D82728E3CED800630DE5 /* Debug */ = {
			isa = XCBuildConfiguration;
			buildSettings = {
				ALWAYS_EMBED_SWIFT_STANDARD_LIBRARIES = YES;
				BUNDLE_LOADER = "$(TEST_HOST)";
				CODE_SIGN_STYLE = Automatic;
				CURRENT_PROJECT_VERSION = 1;
				DEVELOPMENT_TEAM = W2U7ETVQ2D;
				GENERATE_INFOPLIST_FILE = YES;
				IPHONEOS_DEPLOYMENT_TARGET = 16.0;
				MACOSX_DEPLOYMENT_TARGET = 12.3;
				MARKETING_VERSION = 1.0;
				PRODUCT_BUNDLE_IDENTIFIER = danielparra.blackmarketTests;
				PRODUCT_NAME = "$(TARGET_NAME)";
				SDKROOT = auto;
				SUPPORTED_PLATFORMS = "iphoneos iphonesimulator macosx";
				SWIFT_EMIT_LOC_STRINGS = NO;
				SWIFT_VERSION = 5.0;
				TARGETED_DEVICE_FAMILY = "1,2";
				TEST_HOST = "$(BUILT_PRODUCTS_DIR)/blackmarket.app/$(BUNDLE_EXECUTABLE_FOLDER_PATH)/blackmarket";
			};
			name = Debug;
		};
		2475D82828E3CED800630DE5 /* Release */ = {
			isa = XCBuildConfiguration;
			buildSettings = {
				ALWAYS_EMBED_SWIFT_STANDARD_LIBRARIES = YES;
				BUNDLE_LOADER = "$(TEST_HOST)";
				CODE_SIGN_STYLE = Automatic;
				CURRENT_PROJECT_VERSION = 1;
				DEVELOPMENT_TEAM = W2U7ETVQ2D;
				GENERATE_INFOPLIST_FILE = YES;
				IPHONEOS_DEPLOYMENT_TARGET = 16.0;
				MACOSX_DEPLOYMENT_TARGET = 12.3;
				MARKETING_VERSION = 1.0;
				PRODUCT_BUNDLE_IDENTIFIER = danielparra.blackmarketTests;
				PRODUCT_NAME = "$(TARGET_NAME)";
				SDKROOT = auto;
				SUPPORTED_PLATFORMS = "iphoneos iphonesimulator macosx";
				SWIFT_EMIT_LOC_STRINGS = NO;
				SWIFT_VERSION = 5.0;
				TARGETED_DEVICE_FAMILY = "1,2";
				TEST_HOST = "$(BUILT_PRODUCTS_DIR)/blackmarket.app/$(BUNDLE_EXECUTABLE_FOLDER_PATH)/blackmarket";
			};
			name = Release;
		};
		2475D82A28E3CED800630DE5 /* Debug */ = {
			isa = XCBuildConfiguration;
			buildSettings = {
				ALWAYS_EMBED_SWIFT_STANDARD_LIBRARIES = YES;
				CODE_SIGN_STYLE = Automatic;
				CURRENT_PROJECT_VERSION = 1;
				DEVELOPMENT_TEAM = W2U7ETVQ2D;
				GENERATE_INFOPLIST_FILE = YES;
				IPHONEOS_DEPLOYMENT_TARGET = 16.0;
				MACOSX_DEPLOYMENT_TARGET = 12.3;
				MARKETING_VERSION = 1.0;
				PRODUCT_BUNDLE_IDENTIFIER = danielparra.blackmarketUITests;
				PRODUCT_NAME = "$(TARGET_NAME)";
				SDKROOT = auto;
				SUPPORTED_PLATFORMS = "iphoneos iphonesimulator macosx";
				SWIFT_EMIT_LOC_STRINGS = NO;
				SWIFT_VERSION = 5.0;
				TARGETED_DEVICE_FAMILY = "1,2";
				TEST_TARGET_NAME = blackmarket;
			};
			name = Debug;
		};
		2475D82B28E3CED800630DE5 /* Release */ = {
			isa = XCBuildConfiguration;
			buildSettings = {
				ALWAYS_EMBED_SWIFT_STANDARD_LIBRARIES = YES;
				CODE_SIGN_STYLE = Automatic;
				CURRENT_PROJECT_VERSION = 1;
				DEVELOPMENT_TEAM = W2U7ETVQ2D;
				GENERATE_INFOPLIST_FILE = YES;
				IPHONEOS_DEPLOYMENT_TARGET = 16.0;
				MACOSX_DEPLOYMENT_TARGET = 12.3;
				MARKETING_VERSION = 1.0;
				PRODUCT_BUNDLE_IDENTIFIER = danielparra.blackmarketUITests;
				PRODUCT_NAME = "$(TARGET_NAME)";
				SDKROOT = auto;
				SUPPORTED_PLATFORMS = "iphoneos iphonesimulator macosx";
				SWIFT_EMIT_LOC_STRINGS = NO;
				SWIFT_VERSION = 5.0;
				TARGETED_DEVICE_FAMILY = "1,2";
				TEST_TARGET_NAME = blackmarket;
			};
			name = Release;
		};
/* End XCBuildConfiguration section */

/* Begin XCConfigurationList section */
		2475D7F928E3CED700630DE5 /* Build configuration list for PBXProject "blackmarket" */ = {
			isa = XCConfigurationList;
			buildConfigurations = (
				2475D82128E3CED800630DE5 /* Debug */,
				2475D82228E3CED800630DE5 /* Release */,
			);
			defaultConfigurationIsVisible = 0;
			defaultConfigurationName = Release;
		};
		2475D82328E3CED800630DE5 /* Build configuration list for PBXNativeTarget "blackmarket" */ = {
			isa = XCConfigurationList;
			buildConfigurations = (
				2475D82428E3CED800630DE5 /* Debug */,
				2475D82528E3CED800630DE5 /* Release */,
			);
			defaultConfigurationIsVisible = 0;
			defaultConfigurationName = Release;
		};
		2475D82628E3CED800630DE5 /* Build configuration list for PBXNativeTarget "blackmarketTests" */ = {
			isa = XCConfigurationList;
			buildConfigurations = (
				2475D82728E3CED800630DE5 /* Debug */,
				2475D82828E3CED800630DE5 /* Release */,
			);
			defaultConfigurationIsVisible = 0;
			defaultConfigurationName = Release;
		};
		2475D82928E3CED800630DE5 /* Build configuration list for PBXNativeTarget "blackmarketUITests" */ = {
			isa = XCConfigurationList;
			buildConfigurations = (
				2475D82A28E3CED800630DE5 /* Debug */,
				2475D82B28E3CED800630DE5 /* Release */,
			);
			defaultConfigurationIsVisible = 0;
			defaultConfigurationName = Release;
		};
/* End XCConfigurationList section */
	};
	rootObject = 2475D7F628E3CED700630DE5 /* Project object */;
}
