// !$*UTF8*$!
{
	archiveVersion = 1;
	classes = {
	};
	objectVersion = 56;
	objects = {

/* Begin PBXBuildFile section */
		2475D80228E3CED700630DE5 /* blackmarketApp.swift in Sources */ = {isa = PBXBuildFile; fileRef = 2475D80128E3CED700630DE5 /* blackmarketApp.swift */; };
		2475D80428E3CED700630DE5 /* SignInView.swift in Sources */ = {isa = PBXBuildFile; fileRef = 2475D80328E3CED700630DE5 /* SignInView.swift */; };
		2475D80628E3CED800630DE5 /* Assets.xcassets in Resources */ = {isa = PBXBuildFile; fileRef = 2475D80528E3CED800630DE5 /* Assets.xcassets */; };
		2475D80A28E3CED800630DE5 /* Preview Assets.xcassets in Resources */ = {isa = PBXBuildFile; fileRef = 2475D80928E3CED800630DE5 /* Preview Assets.xcassets */; };
		2475D81428E3CED800630DE5 /* blackmarketTests.swift in Sources */ = {isa = PBXBuildFile; fileRef = 2475D81328E3CED800630DE5 /* blackmarketTests.swift */; };
		2475D81E28E3CED800630DE5 /* blackmarketUITests.swift in Sources */ = {isa = PBXBuildFile; fileRef = 2475D81D28E3CED800630DE5 /* blackmarketUITests.swift */; };
		2475D82028E3CED800630DE5 /* blackmarketUITestsLaunchTests.swift in Sources */ = {isa = PBXBuildFile; fileRef = 2475D81F28E3CED800630DE5 /* blackmarketUITestsLaunchTests.swift */; };
		2475D82D28E4DABE00630DE5 /* StateButton.swift in Sources */ = {isa = PBXBuildFile; fileRef = 2475D82C28E4DABE00630DE5 /* StateButton.swift */; };
		249567A028E4E74E00E878A0 /* Color.swift in Sources */ = {isa = PBXBuildFile; fileRef = 2495679F28E4E74E00E878A0 /* Color.swift */; };
		249567A328E4E96D00E878A0 /* String.swift in Sources */ = {isa = PBXBuildFile; fileRef = 249567A228E4E96D00E878A0 /* String.swift */; };
		249567A628E4E9A900E878A0 /* Validatable+String.swift in Sources */ = {isa = PBXBuildFile; fileRef = 249567A528E4E9A900E878A0 /* Validatable+String.swift */; };
		249567A928E4EEF700E878A0 /* LocalizedString.swift in Sources */ = {isa = PBXBuildFile; fileRef = 249567A828E4EEF700E878A0 /* LocalizedString.swift */; };
		249567AC28E4EF2B00E878A0 /* Localizable.strings in Resources */ = {isa = PBXBuildFile; fileRef = 249567AB28E4EF2B00E878A0 /* Localizable.strings */; };
		249567B528E4EFC800E878A0 /* TextFieldView.swift in Sources */ = {isa = PBXBuildFile; fileRef = 249567B328E4EFC800E878A0 /* TextFieldView.swift */; };
		249567B628E4EFC800E878A0 /* TextFieldViewConfiguration.swift in Sources */ = {isa = PBXBuildFile; fileRef = 249567B428E4EFC800E878A0 /* TextFieldViewConfiguration.swift */; };
		249567B928E4EFFE00E878A0 /* TextFieldStyles.swift in Sources */ = {isa = PBXBuildFile; fileRef = 249567B828E4EFFE00E878A0 /* TextFieldStyles.swift */; };
		249567BB28E4F04100E878A0 /* Constants.swift in Sources */ = {isa = PBXBuildFile; fileRef = 249567BA28E4F04100E878A0 /* Constants.swift */; };
		249567BF28E4FE5600E878A0 /* SignInViewModel.swift in Sources */ = {isa = PBXBuildFile; fileRef = 249567BE28E4FE5600E878A0 /* SignInViewModel.swift */; };
		249567C128E771FD00E878A0 /* SignUpView.swift in Sources */ = {isa = PBXBuildFile; fileRef = 249567C028E771FD00E878A0 /* SignUpView.swift */; };
		249567C328E7721F00E878A0 /* SignUpViewModel.swift in Sources */ = {isa = PBXBuildFile; fileRef = 249567C228E7721F00E878A0 /* SignUpViewModel.swift */; };
		249567C528EA599500E878A0 /* ForgotPasswordView.swift in Sources */ = {isa = PBXBuildFile; fileRef = 249567C428EA599500E878A0 /* ForgotPasswordView.swift */; };
		24AC5C392901094600D1A2AC /* TabBarView.swift in Sources */ = {isa = PBXBuildFile; fileRef = 24AC5C382901094600D1A2AC /* TabBarView.swift */; };
		24AC5C3B29010A0600D1A2AC /* HomeView.swift in Sources */ = {isa = PBXBuildFile; fileRef = 24AC5C3A29010A0600D1A2AC /* HomeView.swift */; };
		24B13A8328EB99E3002364E9 /* RSSwiftNetworking in Frameworks */ = {isa = PBXBuildFile; productRef = 24B13A8228EB99E3002364E9 /* RSSwiftNetworking */; };
		24B13A8528EB99E3002364E9 /* RSSwiftNetworkingAlamofire in Frameworks */ = {isa = PBXBuildFile; productRef = 24B13A8428EB99E3002364E9 /* RSSwiftNetworkingAlamofire */; };
		24B13A9428EB9AD9002364E9 /* SessionHeadersProvider.swift in Sources */ = {isa = PBXBuildFile; fileRef = 24B13A8928EB9AD9002364E9 /* SessionHeadersProvider.swift */; };
		24B13A9528EB9AD9002364E9 /* APIClient+Application.swift in Sources */ = {isa = PBXBuildFile; fileRef = 24B13A8B28EB9AD9002364E9 /* APIClient+Application.swift */; };
		24B13A9828EB9AD9002364E9 /* AuthEndpoint.swift in Sources */ = {isa = PBXBuildFile; fileRef = 24B13A9028EB9AD9002364E9 /* AuthEndpoint.swift */; };
		24B13A9B28EB9AD9002364E9 /* AuthenticationServices.swift in Sources */ = {isa = PBXBuildFile; fileRef = 24B13A9328EB9AD9002364E9 /* AuthenticationServices.swift */; };
		24B13AA028EB9B08002364E9 /* UserDataManager.swift in Sources */ = {isa = PBXBuildFile; fileRef = 24B13A9D28EB9B08002364E9 /* UserDataManager.swift */; };
		24B13AA228EB9B08002364E9 /* SessionManager.swift in Sources */ = {isa = PBXBuildFile; fileRef = 24B13A9F28EB9B08002364E9 /* SessionManager.swift */; };
		24B13AA628EB9B74002364E9 /* Session.swift in Sources */ = {isa = PBXBuildFile; fileRef = 24B13AA328EB9B74002364E9 /* Session.swift */; };
		24B13AA828EB9B74002364E9 /* User.swift in Sources */ = {isa = PBXBuildFile; fileRef = 24B13AA528EB9B74002364E9 /* User.swift */; };
		24B13AAA28EB9FA3002364E9 /* Dictionary.swift in Sources */ = {isa = PBXBuildFile; fileRef = 24B13AA928EB9FA3002364E9 /* Dictionary.swift */; };
		24B13AAD28EBA029002364E9 /* JSONEncoding.swift in Sources */ = {isa = PBXBuildFile; fileRef = 24B13AAC28EBA029002364E9 /* JSONEncoding.swift */; };
		24B13AAF28EBA08B002364E9 /* AppError.swift in Sources */ = {isa = PBXBuildFile; fileRef = 24B13AAE28EBA08B002364E9 /* AppError.swift */; };
/* End PBXBuildFile section */

/* Begin PBXContainerItemProxy section */
		2475D81028E3CED800630DE5 /* PBXContainerItemProxy */ = {
			isa = PBXContainerItemProxy;
			containerPortal = 2475D7F628E3CED700630DE5 /* Project object */;
			proxyType = 1;
			remoteGlobalIDString = 2475D7FD28E3CED700630DE5;
			remoteInfo = blackmarket;
		};
		2475D81A28E3CED800630DE5 /* PBXContainerItemProxy */ = {
			isa = PBXContainerItemProxy;
			containerPortal = 2475D7F628E3CED700630DE5 /* Project object */;
			proxyType = 1;
			remoteGlobalIDString = 2475D7FD28E3CED700630DE5;
			remoteInfo = blackmarket;
		};
/* End PBXContainerItemProxy section */

/* Begin PBXFileReference section */
		2475D7FE28E3CED700630DE5 /* blackmarket.app */ = {isa = PBXFileReference; explicitFileType = wrapper.application; includeInIndex = 0; path = blackmarket.app; sourceTree = BUILT_PRODUCTS_DIR; };
		2475D80128E3CED700630DE5 /* blackmarketApp.swift */ = {isa = PBXFileReference; lastKnownFileType = sourcecode.swift; path = blackmarketApp.swift; sourceTree = "<group>"; };
		2475D80328E3CED700630DE5 /* SignInView.swift */ = {isa = PBXFileReference; lastKnownFileType = sourcecode.swift; path = SignInView.swift; sourceTree = "<group>"; };
		2475D80528E3CED800630DE5 /* Assets.xcassets */ = {isa = PBXFileReference; lastKnownFileType = folder.assetcatalog; path = Assets.xcassets; sourceTree = "<group>"; };
		2475D80728E3CED800630DE5 /* blackmarket.entitlements */ = {isa = PBXFileReference; lastKnownFileType = text.plist.entitlements; path = blackmarket.entitlements; sourceTree = "<group>"; };
		2475D80928E3CED800630DE5 /* Preview Assets.xcassets */ = {isa = PBXFileReference; lastKnownFileType = folder.assetcatalog; path = "Preview Assets.xcassets"; sourceTree = "<group>"; };
		2475D80F28E3CED800630DE5 /* blackmarketTests.xctest */ = {isa = PBXFileReference; explicitFileType = wrapper.cfbundle; includeInIndex = 0; path = blackmarketTests.xctest; sourceTree = BUILT_PRODUCTS_DIR; };
		2475D81328E3CED800630DE5 /* blackmarketTests.swift */ = {isa = PBXFileReference; lastKnownFileType = sourcecode.swift; path = blackmarketTests.swift; sourceTree = "<group>"; };
		2475D81928E3CED800630DE5 /* blackmarketUITests.xctest */ = {isa = PBXFileReference; explicitFileType = wrapper.cfbundle; includeInIndex = 0; path = blackmarketUITests.xctest; sourceTree = BUILT_PRODUCTS_DIR; };
		2475D81D28E3CED800630DE5 /* blackmarketUITests.swift */ = {isa = PBXFileReference; lastKnownFileType = sourcecode.swift; path = blackmarketUITests.swift; sourceTree = "<group>"; };
		2475D81F28E3CED800630DE5 /* blackmarketUITestsLaunchTests.swift */ = {isa = PBXFileReference; lastKnownFileType = sourcecode.swift; path = blackmarketUITestsLaunchTests.swift; sourceTree = "<group>"; };
		2475D82C28E4DABE00630DE5 /* StateButton.swift */ = {isa = PBXFileReference; lastKnownFileType = sourcecode.swift; path = StateButton.swift; sourceTree = "<group>"; };
		2495679F28E4E74E00E878A0 /* Color.swift */ = {isa = PBXFileReference; lastKnownFileType = sourcecode.swift; path = Color.swift; sourceTree = "<group>"; };
		249567A228E4E96D00E878A0 /* String.swift */ = {isa = PBXFileReference; lastKnownFileType = sourcecode.swift; path = String.swift; sourceTree = "<group>"; };
		249567A528E4E9A900E878A0 /* Validatable+String.swift */ = {isa = PBXFileReference; lastKnownFileType = sourcecode.swift; path = "Validatable+String.swift"; sourceTree = "<group>"; };
		249567A828E4EEF700E878A0 /* LocalizedString.swift */ = {isa = PBXFileReference; lastKnownFileType = sourcecode.swift; path = LocalizedString.swift; sourceTree = "<group>"; };
		249567AB28E4EF2B00E878A0 /* Localizable.strings */ = {isa = PBXFileReference; lastKnownFileType = text.plist.strings; path = Localizable.strings; sourceTree = "<group>"; };
		249567B328E4EFC800E878A0 /* TextFieldView.swift */ = {isa = PBXFileReference; fileEncoding = 4; lastKnownFileType = sourcecode.swift; path = TextFieldView.swift; sourceTree = "<group>"; };
		249567B428E4EFC800E878A0 /* TextFieldViewConfiguration.swift */ = {isa = PBXFileReference; fileEncoding = 4; lastKnownFileType = sourcecode.swift; path = TextFieldViewConfiguration.swift; sourceTree = "<group>"; };
		249567B828E4EFFE00E878A0 /* TextFieldStyles.swift */ = {isa = PBXFileReference; lastKnownFileType = sourcecode.swift; path = TextFieldStyles.swift; sourceTree = "<group>"; };
		249567BA28E4F04100E878A0 /* Constants.swift */ = {isa = PBXFileReference; lastKnownFileType = sourcecode.swift; path = Constants.swift; sourceTree = "<group>"; };
		249567BE28E4FE5600E878A0 /* SignInViewModel.swift */ = {isa = PBXFileReference; lastKnownFileType = sourcecode.swift; path = SignInViewModel.swift; sourceTree = "<group>"; };
		249567C028E771FD00E878A0 /* SignUpView.swift */ = {isa = PBXFileReference; lastKnownFileType = sourcecode.swift; path = SignUpView.swift; sourceTree = "<group>"; };
		249567C228E7721F00E878A0 /* SignUpViewModel.swift */ = {isa = PBXFileReference; lastKnownFileType = sourcecode.swift; path = SignUpViewModel.swift; sourceTree = "<group>"; };
		249567C428EA599500E878A0 /* ForgotPasswordView.swift */ = {isa = PBXFileReference; lastKnownFileType = sourcecode.swift; path = ForgotPasswordView.swift; sourceTree = "<group>"; };
		24AC5C382901094600D1A2AC /* TabBarView.swift */ = {isa = PBXFileReference; lastKnownFileType = sourcecode.swift; path = TabBarView.swift; sourceTree = "<group>"; };
		24AC5C3A29010A0600D1A2AC /* HomeView.swift */ = {isa = PBXFileReference; lastKnownFileType = sourcecode.swift; path = HomeView.swift; sourceTree = "<group>"; };
		24B13A8928EB9AD9002364E9 /* SessionHeadersProvider.swift */ = {isa = PBXFileReference; fileEncoding = 4; lastKnownFileType = sourcecode.swift; path = SessionHeadersProvider.swift; sourceTree = "<group>"; };
		24B13A8B28EB9AD9002364E9 /* APIClient+Application.swift */ = {isa = PBXFileReference; fileEncoding = 4; lastKnownFileType = sourcecode.swift; path = "APIClient+Application.swift"; sourceTree = "<group>"; };
		24B13A9028EB9AD9002364E9 /* AuthEndpoint.swift */ = {isa = PBXFileReference; fileEncoding = 4; lastKnownFileType = sourcecode.swift; path = AuthEndpoint.swift; sourceTree = "<group>"; };
		24B13A9328EB9AD9002364E9 /* AuthenticationServices.swift */ = {isa = PBXFileReference; fileEncoding = 4; lastKnownFileType = sourcecode.swift; path = AuthenticationServices.swift; sourceTree = "<group>"; };
		24B13A9D28EB9B08002364E9 /* UserDataManager.swift */ = {isa = PBXFileReference; fileEncoding = 4; lastKnownFileType = sourcecode.swift; path = UserDataManager.swift; sourceTree = "<group>"; };
		24B13A9F28EB9B08002364E9 /* SessionManager.swift */ = {isa = PBXFileReference; fileEncoding = 4; lastKnownFileType = sourcecode.swift; path = SessionManager.swift; sourceTree = "<group>"; };
		24B13AA328EB9B74002364E9 /* Session.swift */ = {isa = PBXFileReference; fileEncoding = 4; lastKnownFileType = sourcecode.swift; path = Session.swift; sourceTree = "<group>"; };
		24B13AA528EB9B74002364E9 /* User.swift */ = {isa = PBXFileReference; fileEncoding = 4; lastKnownFileType = sourcecode.swift; path = User.swift; sourceTree = "<group>"; };
		24B13AA928EB9FA3002364E9 /* Dictionary.swift */ = {isa = PBXFileReference; lastKnownFileType = sourcecode.swift; path = Dictionary.swift; sourceTree = "<group>"; };
		24B13AAC28EBA029002364E9 /* JSONEncoding.swift */ = {isa = PBXFileReference; lastKnownFileType = sourcecode.swift; path = JSONEncoding.swift; sourceTree = "<group>"; };
		24B13AAE28EBA08B002364E9 /* AppError.swift */ = {isa = PBXFileReference; lastKnownFileType = sourcecode.swift; path = AppError.swift; sourceTree = "<group>"; };
		24B13AB028EBAA06002364E9 /* Info.plist */ = {isa = PBXFileReference; lastKnownFileType = text.plist; path = Info.plist; sourceTree = "<group>"; };
/* End PBXFileReference section */

/* Begin PBXFrameworksBuildPhase section */
		2475D7FB28E3CED700630DE5 /* Frameworks */ = {
			isa = PBXFrameworksBuildPhase;
			buildActionMask = 2147483647;
			files = (
				24B13A8528EB99E3002364E9 /* RSSwiftNetworkingAlamofire in Frameworks */,
				24B13A8328EB99E3002364E9 /* RSSwiftNetworking in Frameworks */,
			);
			runOnlyForDeploymentPostprocessing = 0;
		};
		2475D80C28E3CED800630DE5 /* Frameworks */ = {
			isa = PBXFrameworksBuildPhase;
			buildActionMask = 2147483647;
			files = (
			);
			runOnlyForDeploymentPostprocessing = 0;
		};
		2475D81628E3CED800630DE5 /* Frameworks */ = {
			isa = PBXFrameworksBuildPhase;
			buildActionMask = 2147483647;
			files = (
			);
			runOnlyForDeploymentPostprocessing = 0;
		};
/* End PBXFrameworksBuildPhase section */

/* Begin PBXGroup section */
		2475D7F528E3CED700630DE5 = {
			isa = PBXGroup;
			children = (
				2475D80028E3CED700630DE5 /* blackmarket */,
				2475D81228E3CED800630DE5 /* blackmarketTests */,
				2475D81C28E3CED800630DE5 /* blackmarketUITests */,
				2475D7FF28E3CED700630DE5 /* Products */,
			);
			sourceTree = "<group>";
		};
		2475D7FF28E3CED700630DE5 /* Products */ = {
			isa = PBXGroup;
			children = (
				2475D7FE28E3CED700630DE5 /* blackmarket.app */,
				2475D80F28E3CED800630DE5 /* blackmarketTests.xctest */,
				2475D81928E3CED800630DE5 /* blackmarketUITests.xctest */,
			);
			name = Products;
			sourceTree = "<group>";
		};
		2475D80028E3CED700630DE5 /* blackmarket */ = {
			isa = PBXGroup;
			children = (
				24B13AB028EBAA06002364E9 /* Info.plist */,
				24B13A9C28EB9B08002364E9 /* Managers */,
				2475D80728E3CED800630DE5 /* blackmarket.entitlements */,
				249567A728E4E9BE00E878A0 /* Application */,
				249567AD28E4EF4B00E878A0 /* Core */,
				249567AE28E4EF7700E878A0 /* UI */,
				249567AA28E4EF0A00E878A0 /* Resources */,
				24B13A8628EB9AD9002364E9 /* Networking */,
				2475D80828E3CED800630DE5 /* Preview Content */,
			);
			path = blackmarket;
			sourceTree = "<group>";
		};
		2475D80828E3CED800630DE5 /* Preview Content */ = {
			isa = PBXGroup;
			children = (
				2475D80928E3CED800630DE5 /* Preview Assets.xcassets */,
			);
			path = "Preview Content";
			sourceTree = "<group>";
		};
		2475D81228E3CED800630DE5 /* blackmarketTests */ = {
			isa = PBXGroup;
			children = (
				2475D81328E3CED800630DE5 /* blackmarketTests.swift */,
			);
			path = blackmarketTests;
			sourceTree = "<group>";
		};
		2475D81C28E3CED800630DE5 /* blackmarketUITests */ = {
			isa = PBXGroup;
			children = (
				2475D81D28E3CED800630DE5 /* blackmarketUITests.swift */,
				2475D81F28E3CED800630DE5 /* blackmarketUITestsLaunchTests.swift */,
			);
			path = blackmarketUITests;
			sourceTree = "<group>";
		};
		249567A128E4E95C00E878A0 /* Extensions */ = {
			isa = PBXGroup;
			children = (
				2495679F28E4E74E00E878A0 /* Color.swift */,
				249567A228E4E96D00E878A0 /* String.swift */,
				24B13AA928EB9FA3002364E9 /* Dictionary.swift */,
				24B13AAC28EBA029002364E9 /* JSONEncoding.swift */,
			);
			path = Extensions;
			sourceTree = "<group>";
		};
		249567A428E4E99900E878A0 /* Protocols */ = {
			isa = PBXGroup;
			children = (
				249567A528E4E9A900E878A0 /* Validatable+String.swift */,
			);
			path = Protocols;
			sourceTree = "<group>";
		};
		249567A728E4E9BE00E878A0 /* Application */ = {
			isa = PBXGroup;
			children = (
				2475D80128E3CED700630DE5 /* blackmarketApp.swift */,
				249567A828E4EEF700E878A0 /* LocalizedString.swift */,
			);
			path = Application;
			sourceTree = "<group>";
		};
		249567AA28E4EF0A00E878A0 /* Resources */ = {
			isa = PBXGroup;
			children = (
				2475D80528E3CED800630DE5 /* Assets.xcassets */,
				249567AB28E4EF2B00E878A0 /* Localizable.strings */,
			);
			path = Resources;
			sourceTree = "<group>";
		};
		249567AD28E4EF4B00E878A0 /* Core */ = {
			isa = PBXGroup;
			children = (
				24B13AAB28EB9FB7002364E9 /* Models */,
				249567A128E4E95C00E878A0 /* Extensions */,
				249567A428E4E99900E878A0 /* Protocols */,
			);
			path = Core;
			sourceTree = "<group>";
		};
		249567AE28E4EF7700E878A0 /* UI */ = {
			isa = PBXGroup;
			children = (
				249567BA28E4F04100E878A0 /* Constants.swift */,
				249567B728E4EFEC00E878A0 /* Styles */,
				249567B128E4EFB200E878A0 /* Common */,
				249567BD28E4FDD900E878A0 /* Views */,
				249567BC28E4FDB900E878A0 /* ViewModels */,
			);
			path = UI;
			sourceTree = "<group>";
		};
		249567B128E4EFB200E878A0 /* Common */ = {
			isa = PBXGroup;
			children = (
				2475D82C28E4DABE00630DE5 /* StateButton.swift */,
				249567B228E4EFBC00E878A0 /* Textfield */,
			);
			path = Common;
			sourceTree = "<group>";
		};
		249567B228E4EFBC00E878A0 /* Textfield */ = {
			isa = PBXGroup;
			children = (
				249567B328E4EFC800E878A0 /* TextFieldView.swift */,
				249567B428E4EFC800E878A0 /* TextFieldViewConfiguration.swift */,
			);
			path = Textfield;
			sourceTree = "<group>";
		};
		249567B728E4EFEC00E878A0 /* Styles */ = {
			isa = PBXGroup;
			children = (
				249567B828E4EFFE00E878A0 /* TextFieldStyles.swift */,
			);
			path = Styles;
			sourceTree = "<group>";
		};
		249567BC28E4FDB900E878A0 /* ViewModels */ = {
			isa = PBXGroup;
			children = (
				249567BE28E4FE5600E878A0 /* SignInViewModel.swift */,
				249567C228E7721F00E878A0 /* SignUpViewModel.swift */,
			);
			path = ViewModels;
			sourceTree = "<group>";
		};
		249567BD28E4FDD900E878A0 /* Views */ = {
			isa = PBXGroup;
			children = (
				2475D80328E3CED700630DE5 /* SignInView.swift */,
				249567C028E771FD00E878A0 /* SignUpView.swift */,
				249567C428EA599500E878A0 /* ForgotPasswordView.swift */,
				24AC5C382901094600D1A2AC /* TabBarView.swift */,
				24AC5C3A29010A0600D1A2AC /* HomeView.swift */,
			);
			path = Views;
			sourceTree = "<group>";
		};
		24B13A8628EB9AD9002364E9 /* Networking */ = {
			isa = PBXGroup;
			children = (
				24B13A8728EB9AD9002364E9 /* Types */,
				24B13A8A28EB9AD9002364E9 /* Extensions */,
				24B13A8C28EB9AD9002364E9 /* Services */,
			);
			path = Networking;
			sourceTree = "<group>";
		};
		24B13A8728EB9AD9002364E9 /* Types */ = {
			isa = PBXGroup;
			children = (
				24B13A8828EB9AD9002364E9 /* API */,
			);
			path = Types;
			sourceTree = "<group>";
		};
		24B13A8828EB9AD9002364E9 /* API */ = {
			isa = PBXGroup;
			children = (
				24B13A8928EB9AD9002364E9 /* SessionHeadersProvider.swift */,
			);
			path = API;
			sourceTree = "<group>";
		};
		24B13A8A28EB9AD9002364E9 /* Extensions */ = {
			isa = PBXGroup;
			children = (
				24B13A8B28EB9AD9002364E9 /* APIClient+Application.swift */,
			);
			path = Extensions;
			sourceTree = "<group>";
		};
		24B13A8C28EB9AD9002364E9 /* Services */ = {
			isa = PBXGroup;
			children = (
				24B13A8F28EB9AD9002364E9 /* Endpoints */,
				24B13A9328EB9AD9002364E9 /* AuthenticationServices.swift */,
			);
			path = Services;
			sourceTree = "<group>";
		};
		24B13A8F28EB9AD9002364E9 /* Endpoints */ = {
			isa = PBXGroup;
			children = (
				24B13A9028EB9AD9002364E9 /* AuthEndpoint.swift */,
			);
			path = Endpoints;
			sourceTree = "<group>";
		};
		24B13A9C28EB9B08002364E9 /* Managers */ = {
			isa = PBXGroup;
			children = (
				24B13A9D28EB9B08002364E9 /* UserDataManager.swift */,
				24B13A9F28EB9B08002364E9 /* SessionManager.swift */,
			);
			path = Managers;
			sourceTree = "<group>";
		};
		24B13AAB28EB9FB7002364E9 /* Models */ = {
			isa = PBXGroup;
			children = (
				24B13AA328EB9B74002364E9 /* Session.swift */,
				24B13AA528EB9B74002364E9 /* User.swift */,
				24B13AAE28EBA08B002364E9 /* AppError.swift */,
			);
			path = Models;
			sourceTree = "<group>";
		};
/* End PBXGroup section */

/* Begin PBXNativeTarget section */
		2475D7FD28E3CED700630DE5 /* blackmarket */ = {
			isa = PBXNativeTarget;
			buildConfigurationList = 2475D82328E3CED800630DE5 /* Build configuration list for PBXNativeTarget "blackmarket" */;
			buildPhases = (
				2475D7FA28E3CED700630DE5 /* Sources */,
				2475D7FB28E3CED700630DE5 /* Frameworks */,
				2475D7FC28E3CED700630DE5 /* Resources */,
			);
			buildRules = (
			);
			dependencies = (
			);
			name = blackmarket;
			packageProductDependencies = (
				24B13A8228EB99E3002364E9 /* RSSwiftNetworking */,
				24B13A8428EB99E3002364E9 /* RSSwiftNetworkingAlamofire */,
			);
			productName = blackmarket;
			productReference = 2475D7FE28E3CED700630DE5 /* blackmarket.app */;
			productType = "com.apple.product-type.application";
		};
		2475D80E28E3CED800630DE5 /* blackmarketTests */ = {
			isa = PBXNativeTarget;
			buildConfigurationList = 2475D82628E3CED800630DE5 /* Build configuration list for PBXNativeTarget "blackmarketTests" */;
			buildPhases = (
				2475D80B28E3CED800630DE5 /* Sources */,
				2475D80C28E3CED800630DE5 /* Frameworks */,
				2475D80D28E3CED800630DE5 /* Resources */,
			);
			buildRules = (
			);
			dependencies = (
				2475D81128E3CED800630DE5 /* PBXTargetDependency */,
			);
			name = blackmarketTests;
			productName = blackmarketTests;
			productReference = 2475D80F28E3CED800630DE5 /* blackmarketTests.xctest */;
			productType = "com.apple.product-type.bundle.unit-test";
		};
		2475D81828E3CED800630DE5 /* blackmarketUITests */ = {
			isa = PBXNativeTarget;
			buildConfigurationList = 2475D82928E3CED800630DE5 /* Build configuration list for PBXNativeTarget "blackmarketUITests" */;
			buildPhases = (
				2475D81528E3CED800630DE5 /* Sources */,
				2475D81628E3CED800630DE5 /* Frameworks */,
				2475D81728E3CED800630DE5 /* Resources */,
			);
			buildRules = (
			);
			dependencies = (
				2475D81B28E3CED800630DE5 /* PBXTargetDependency */,
			);
			name = blackmarketUITests;
			productName = blackmarketUITests;
			productReference = 2475D81928E3CED800630DE5 /* blackmarketUITests.xctest */;
			productType = "com.apple.product-type.bundle.ui-testing";
		};
/* End PBXNativeTarget section */

/* Begin PBXProject section */
		2475D7F628E3CED700630DE5 /* Project object */ = {
			isa = PBXProject;
			attributes = {
				BuildIndependentTargetsInParallel = 1;
				LastSwiftUpdateCheck = 1400;
				LastUpgradeCheck = 1400;
				TargetAttributes = {
					2475D7FD28E3CED700630DE5 = {
						CreatedOnToolsVersion = 14.0;
					};
					2475D80E28E3CED800630DE5 = {
						CreatedOnToolsVersion = 14.0;
						TestTargetID = 2475D7FD28E3CED700630DE5;
					};
					2475D81828E3CED800630DE5 = {
						CreatedOnToolsVersion = 14.0;
						TestTargetID = 2475D7FD28E3CED700630DE5;
					};
				};
			};
			buildConfigurationList = 2475D7F928E3CED700630DE5 /* Build configuration list for PBXProject "blackmarket" */;
			compatibilityVersion = "Xcode 14.0";
			developmentRegion = en;
			hasScannedForEncodings = 0;
			knownRegions = (
				en,
				Base,
			);
			mainGroup = 2475D7F528E3CED700630DE5;
			packageReferences = (
				24B13A8128EB99E3002364E9 /* XCRemoteSwiftPackageReference "RSSwiftNetworking" */,
			);
			productRefGroup = 2475D7FF28E3CED700630DE5 /* Products */;
			projectDirPath = "";
			projectRoot = "";
			targets = (
				2475D7FD28E3CED700630DE5 /* blackmarket */,
				2475D80E28E3CED800630DE5 /* blackmarketTests */,
				2475D81828E3CED800630DE5 /* blackmarketUITests */,
			);
		};
/* End PBXProject section */

/* Begin PBXResourcesBuildPhase section */
		2475D7FC28E3CED700630DE5 /* Resources */ = {
			isa = PBXResourcesBuildPhase;
			buildActionMask = 2147483647;
			files = (
				2475D80A28E3CED800630DE5 /* Preview Assets.xcassets in Resources */,
				249567AC28E4EF2B00E878A0 /* Localizable.strings in Resources */,
				2475D80628E3CED800630DE5 /* Assets.xcassets in Resources */,
			);
			runOnlyForDeploymentPostprocessing = 0;
		};
		2475D80D28E3CED800630DE5 /* Resources */ = {
			isa = PBXResourcesBuildPhase;
			buildActionMask = 2147483647;
			files = (
			);
			runOnlyForDeploymentPostprocessing = 0;
		};
		2475D81728E3CED800630DE5 /* Resources */ = {
			isa = PBXResourcesBuildPhase;
			buildActionMask = 2147483647;
			files = (
			);
			runOnlyForDeploymentPostprocessing = 0;
		};
/* End PBXResourcesBuildPhase section */

/* Begin PBXSourcesBuildPhase section */
		2475D7FA28E3CED700630DE5 /* Sources */ = {
			isa = PBXSourcesBuildPhase;
			buildActionMask = 2147483647;
			files = (
				249567A628E4E9A900E878A0 /* Validatable+String.swift in Sources */,
				24AC5C3B29010A0600D1A2AC /* HomeView.swift in Sources */,
				24AC5C392901094600D1A2AC /* TabBarView.swift in Sources */,
				249567BB28E4F04100E878A0 /* Constants.swift in Sources */,
				24B13A9428EB9AD9002364E9 /* SessionHeadersProvider.swift in Sources */,
				24B13A9528EB9AD9002364E9 /* APIClient+Application.swift in Sources */,
				24B13AAF28EBA08B002364E9 /* AppError.swift in Sources */,
				249567B928E4EFFE00E878A0 /* TextFieldStyles.swift in Sources */,
				24B13AAD28EBA029002364E9 /* JSONEncoding.swift in Sources */,
				2475D80428E3CED700630DE5 /* SignInView.swift in Sources */,
				24B13AA828EB9B74002364E9 /* User.swift in Sources */,
				249567B528E4EFC800E878A0 /* TextFieldView.swift in Sources */,
				2475D82D28E4DABE00630DE5 /* StateButton.swift in Sources */,
				24B13A9828EB9AD9002364E9 /* AuthEndpoint.swift in Sources */,
				249567C328E7721F00E878A0 /* SignUpViewModel.swift in Sources */,
				249567A928E4EEF700E878A0 /* LocalizedString.swift in Sources */,
				24B13AA228EB9B08002364E9 /* SessionManager.swift in Sources */,
				249567A328E4E96D00E878A0 /* String.swift in Sources */,
				249567C128E771FD00E878A0 /* SignUpView.swift in Sources */,
				249567BF28E4FE5600E878A0 /* SignInViewModel.swift in Sources */,
				24B13AA628EB9B74002364E9 /* Session.swift in Sources */,
				24B13A9B28EB9AD9002364E9 /* AuthenticationServices.swift in Sources */,
				249567B628E4EFC800E878A0 /* TextFieldViewConfiguration.swift in Sources */,
				2475D80228E3CED700630DE5 /* blackmarketApp.swift in Sources */,
				24B13AA028EB9B08002364E9 /* UserDataManager.swift in Sources */,
				24B13AAA28EB9FA3002364E9 /* Dictionary.swift in Sources */,
				249567C528EA599500E878A0 /* ForgotPasswordView.swift in Sources */,
				249567A028E4E74E00E878A0 /* Color.swift in Sources */,
			);
			runOnlyForDeploymentPostprocessing = 0;
		};
		2475D80B28E3CED800630DE5 /* Sources */ = {
			isa = PBXSourcesBuildPhase;
			buildActionMask = 2147483647;
			files = (
				2475D81428E3CED800630DE5 /* blackmarketTests.swift in Sources */,
			);
			runOnlyForDeploymentPostprocessing = 0;
		};
		2475D81528E3CED800630DE5 /* Sources */ = {
			isa = PBXSourcesBuildPhase;
			buildActionMask = 2147483647;
			files = (
				2475D82028E3CED800630DE5 /* blackmarketUITestsLaunchTests.swift in Sources */,
				2475D81E28E3CED800630DE5 /* blackmarketUITests.swift in Sources */,
			);
			runOnlyForDeploymentPostprocessing = 0;
		};
/* End PBXSourcesBuildPhase section */

/* Begin PBXTargetDependency section */
		2475D81128E3CED800630DE5 /* PBXTargetDependency */ = {
			isa = PBXTargetDependency;
			target = 2475D7FD28E3CED700630DE5 /* blackmarket */;
			targetProxy = 2475D81028E3CED800630DE5 /* PBXContainerItemProxy */;
		};
		2475D81B28E3CED800630DE5 /* PBXTargetDependency */ = {
			isa = PBXTargetDependency;
			target = 2475D7FD28E3CED700630DE5 /* blackmarket */;
			targetProxy = 2475D81A28E3CED800630DE5 /* PBXContainerItemProxy */;
		};
/* End PBXTargetDependency section */

/* Begin XCBuildConfiguration section */
		2475D82128E3CED800630DE5 /* Debug */ = {
			isa = XCBuildConfiguration;
			buildSettings = {
				ALWAYS_SEARCH_USER_PATHS = NO;
				CLANG_ANALYZER_NONNULL = YES;
				CLANG_ANALYZER_NUMBER_OBJECT_CONVERSION = YES_AGGRESSIVE;
				CLANG_CXX_LANGUAGE_STANDARD = "gnu++20";
				CLANG_ENABLE_MODULES = YES;
				CLANG_ENABLE_OBJC_ARC = YES;
				CLANG_ENABLE_OBJC_WEAK = YES;
				CLANG_WARN_BLOCK_CAPTURE_AUTORELEASING = YES;
				CLANG_WARN_BOOL_CONVERSION = YES;
				CLANG_WARN_COMMA = YES;
				CLANG_WARN_CONSTANT_CONVERSION = YES;
				CLANG_WARN_DEPRECATED_OBJC_IMPLEMENTATIONS = YES;
				CLANG_WARN_DIRECT_OBJC_ISA_USAGE = YES_ERROR;
				CLANG_WARN_DOCUMENTATION_COMMENTS = YES;
				CLANG_WARN_EMPTY_BODY = YES;
				CLANG_WARN_ENUM_CONVERSION = YES;
				CLANG_WARN_INFINITE_RECURSION = YES;
				CLANG_WARN_INT_CONVERSION = YES;
				CLANG_WARN_NON_LITERAL_NULL_CONVERSION = YES;
				CLANG_WARN_OBJC_IMPLICIT_RETAIN_SELF = YES;
				CLANG_WARN_OBJC_LITERAL_CONVERSION = YES;
				CLANG_WARN_OBJC_ROOT_CLASS = YES_ERROR;
				CLANG_WARN_QUOTED_INCLUDE_IN_FRAMEWORK_HEADER = YES;
				CLANG_WARN_RANGE_LOOP_ANALYSIS = YES;
				CLANG_WARN_STRICT_PROTOTYPES = YES;
				CLANG_WARN_SUSPICIOUS_MOVE = YES;
				CLANG_WARN_UNGUARDED_AVAILABILITY = YES_AGGRESSIVE;
				CLANG_WARN_UNREACHABLE_CODE = YES;
				CLANG_WARN__DUPLICATE_METHOD_MATCH = YES;
				COPY_PHASE_STRIP = NO;
				DEBUG_INFORMATION_FORMAT = dwarf;
				ENABLE_STRICT_OBJC_MSGSEND = YES;
				ENABLE_TESTABILITY = YES;
				GCC_C_LANGUAGE_STANDARD = gnu11;
				GCC_DYNAMIC_NO_PIC = NO;
				GCC_NO_COMMON_BLOCKS = YES;
				GCC_OPTIMIZATION_LEVEL = 0;
				GCC_PREPROCESSOR_DEFINITIONS = (
					"DEBUG=1",
					"$(inherited)",
				);
				GCC_WARN_64_TO_32_BIT_CONVERSION = YES;
				GCC_WARN_ABOUT_RETURN_TYPE = YES_ERROR;
				GCC_WARN_UNDECLARED_SELECTOR = YES;
				GCC_WARN_UNINITIALIZED_AUTOS = YES_AGGRESSIVE;
				GCC_WARN_UNUSED_FUNCTION = YES;
				GCC_WARN_UNUSED_VARIABLE = YES;
				MTL_ENABLE_DEBUG_INFO = INCLUDE_SOURCE;
				MTL_FAST_MATH = YES;
				ONLY_ACTIVE_ARCH = YES;
				SWIFT_ACTIVE_COMPILATION_CONDITIONS = DEBUG;
				SWIFT_OPTIMIZATION_LEVEL = "-Onone";
			};
			name = Debug;
		};
		2475D82228E3CED800630DE5 /* Release */ = {
			isa = XCBuildConfiguration;
			buildSettings = {
				ALWAYS_SEARCH_USER_PATHS = NO;
				CLANG_ANALYZER_NONNULL = YES;
				CLANG_ANALYZER_NUMBER_OBJECT_CONVERSION = YES_AGGRESSIVE;
				CLANG_CXX_LANGUAGE_STANDARD = "gnu++20";
				CLANG_ENABLE_MODULES = YES;
				CLANG_ENABLE_OBJC_ARC = YES;
				CLANG_ENABLE_OBJC_WEAK = YES;
				CLANG_WARN_BLOCK_CAPTURE_AUTORELEASING = YES;
				CLANG_WARN_BOOL_CONVERSION = YES;
				CLANG_WARN_COMMA = YES;
				CLANG_WARN_CONSTANT_CONVERSION = YES;
				CLANG_WARN_DEPRECATED_OBJC_IMPLEMENTATIONS = YES;
				CLANG_WARN_DIRECT_OBJC_ISA_USAGE = YES_ERROR;
				CLANG_WARN_DOCUMENTATION_COMMENTS = YES;
				CLANG_WARN_EMPTY_BODY = YES;
				CLANG_WARN_ENUM_CONVERSION = YES;
				CLANG_WARN_INFINITE_RECURSION = YES;
				CLANG_WARN_INT_CONVERSION = YES;
				CLANG_WARN_NON_LITERAL_NULL_CONVERSION = YES;
				CLANG_WARN_OBJC_IMPLICIT_RETAIN_SELF = YES;
				CLANG_WARN_OBJC_LITERAL_CONVERSION = YES;
				CLANG_WARN_OBJC_ROOT_CLASS = YES_ERROR;
				CLANG_WARN_QUOTED_INCLUDE_IN_FRAMEWORK_HEADER = YES;
				CLANG_WARN_RANGE_LOOP_ANALYSIS = YES;
				CLANG_WARN_STRICT_PROTOTYPES = YES;
				CLANG_WARN_SUSPICIOUS_MOVE = YES;
				CLANG_WARN_UNGUARDED_AVAILABILITY = YES_AGGRESSIVE;
				CLANG_WARN_UNREACHABLE_CODE = YES;
				CLANG_WARN__DUPLICATE_METHOD_MATCH = YES;
				COPY_PHASE_STRIP = NO;
				DEBUG_INFORMATION_FORMAT = "dwarf-with-dsym";
				ENABLE_NS_ASSERTIONS = NO;
				ENABLE_STRICT_OBJC_MSGSEND = YES;
				GCC_C_LANGUAGE_STANDARD = gnu11;
				GCC_NO_COMMON_BLOCKS = YES;
				GCC_WARN_64_TO_32_BIT_CONVERSION = YES;
				GCC_WARN_ABOUT_RETURN_TYPE = YES_ERROR;
				GCC_WARN_UNDECLARED_SELECTOR = YES;
				GCC_WARN_UNINITIALIZED_AUTOS = YES_AGGRESSIVE;
				GCC_WARN_UNUSED_FUNCTION = YES;
				GCC_WARN_UNUSED_VARIABLE = YES;
				MTL_ENABLE_DEBUG_INFO = NO;
				MTL_FAST_MATH = YES;
				SWIFT_COMPILATION_MODE = wholemodule;
				SWIFT_OPTIMIZATION_LEVEL = "-O";
			};
			name = Release;
		};
		2475D82428E3CED800630DE5 /* Debug */ = {
			isa = XCBuildConfiguration;
			buildSettings = {
				ASSETCATALOG_COMPILER_APPICON_NAME = AppIcon;
				ASSETCATALOG_COMPILER_GLOBAL_ACCENT_COLOR_NAME = AccentColor;
				BASE_URL = "https://blackmarket-api.herokuapp.com/api/v1";
				CODE_SIGN_ENTITLEMENTS = blackmarket/blackmarket.entitlements;
				CODE_SIGN_STYLE = Automatic;
				CURRENT_PROJECT_VERSION = 1;
				DEVELOPMENT_ASSET_PATHS = "\"blackmarket/Preview Content\"";
				DEVELOPMENT_TEAM = W2U7ETVQ2D;
				ENABLE_HARDENED_RUNTIME = YES;
				ENABLE_PREVIEWS = YES;
				GENERATE_INFOPLIST_FILE = YES;
				INFOPLIST_FILE = blackmarket/Info.plist;
				"INFOPLIST_KEY_UIApplicationSceneManifest_Generation[sdk=iphoneos*]" = YES;
				"INFOPLIST_KEY_UIApplicationSceneManifest_Generation[sdk=iphonesimulator*]" = YES;
				"INFOPLIST_KEY_UIApplicationSupportsIndirectInputEvents[sdk=iphoneos*]" = YES;
				"INFOPLIST_KEY_UIApplicationSupportsIndirectInputEvents[sdk=iphonesimulator*]" = YES;
				"INFOPLIST_KEY_UILaunchScreen_Generation[sdk=iphoneos*]" = YES;
				"INFOPLIST_KEY_UILaunchScreen_Generation[sdk=iphonesimulator*]" = YES;
				"INFOPLIST_KEY_UIStatusBarStyle[sdk=iphoneos*]" = UIStatusBarStyleDefault;
				"INFOPLIST_KEY_UIStatusBarStyle[sdk=iphonesimulator*]" = UIStatusBarStyleDefault;
				INFOPLIST_KEY_UISupportedInterfaceOrientations_iPad = "UIInterfaceOrientationPortrait UIInterfaceOrientationPortraitUpsideDown UIInterfaceOrientationLandscapeLeft UIInterfaceOrientationLandscapeRight";
				INFOPLIST_KEY_UISupportedInterfaceOrientations_iPhone = "UIInterfaceOrientationPortrait UIInterfaceOrientationLandscapeLeft UIInterfaceOrientationLandscapeRight";
				IPHONEOS_DEPLOYMENT_TARGET = 16.0;
				LD_RUNPATH_SEARCH_PATHS = "@executable_path/Frameworks";
				"LD_RUNPATH_SEARCH_PATHS[sdk=macosx*]" = "@executable_path/../Frameworks";
				MACOSX_DEPLOYMENT_TARGET = 12.3;
				MARKETING_VERSION = 1.0;
				PRODUCT_BUNDLE_IDENTIFIER = danielparra.blackmarket;
				PRODUCT_NAME = "$(TARGET_NAME)";
				SDKROOT = auto;
				SUPPORTED_PLATFORMS = "iphoneos iphonesimulator macosx";
				SWIFT_EMIT_LOC_STRINGS = YES;
				SWIFT_VERSION = 5.0;
				TARGETED_DEVICE_FAMILY = "1,2";
			};
			name = Debug;
		};
		2475D82528E3CED800630DE5 /* Release */ = {
			isa = XCBuildConfiguration;
			buildSettings = {
				ASSETCATALOG_COMPILER_APPICON_NAME = AppIcon;
				ASSETCATALOG_COMPILER_GLOBAL_ACCENT_COLOR_NAME = AccentColor;
				BASE_URL = "https://blackmarket-api.herokuapp.com/api/v1";
				CODE_SIGN_ENTITLEMENTS = blackmarket/blackmarket.entitlements;
				CODE_SIGN_STYLE = Automatic;
				CURRENT_PROJECT_VERSION = 1;
				DEVELOPMENT_ASSET_PATHS = "\"blackmarket/Preview Content\"";
				DEVELOPMENT_TEAM = W2U7ETVQ2D;
				ENABLE_HARDENED_RUNTIME = YES;
				ENABLE_PREVIEWS = YES;
				GENERATE_INFOPLIST_FILE = YES;
				INFOPLIST_FILE = blackmarket/Info.plist;
				"INFOPLIST_KEY_UIApplicationSceneManifest_Generation[sdk=iphoneos*]" = YES;
				"INFOPLIST_KEY_UIApplicationSceneManifest_Generation[sdk=iphonesimulator*]" = YES;
				"INFOPLIST_KEY_UIApplicationSupportsIndirectInputEvents[sdk=iphoneos*]" = YES;
				"INFOPLIST_KEY_UIApplicationSupportsIndirectInputEvents[sdk=iphonesimulator*]" = YES;
				"INFOPLIST_KEY_UILaunchScreen_Generation[sdk=iphoneos*]" = YES;
				"INFOPLIST_KEY_UILaunchScreen_Generation[sdk=iphonesimulator*]" = YES;
				"INFOPLIST_KEY_UIStatusBarStyle[sdk=iphoneos*]" = UIStatusBarStyleDefault;
				"INFOPLIST_KEY_UIStatusBarStyle[sdk=iphonesimulator*]" = UIStatusBarStyleDefault;
				INFOPLIST_KEY_UISupportedInterfaceOrientations_iPad = "UIInterfaceOrientationPortrait UIInterfaceOrientationPortraitUpsideDown UIInterfaceOrientationLandscapeLeft UIInterfaceOrientationLandscapeRight";
				INFOPLIST_KEY_UISupportedInterfaceOrientations_iPhone = "UIInterfaceOrientationPortrait UIInterfaceOrientationLandscapeLeft UIInterfaceOrientationLandscapeRight";
				IPHONEOS_DEPLOYMENT_TARGET = 16.0;
				LD_RUNPATH_SEARCH_PATHS = "@executable_path/Frameworks";
				"LD_RUNPATH_SEARCH_PATHS[sdk=macosx*]" = "@executable_path/../Frameworks";
				MACOSX_DEPLOYMENT_TARGET = 12.3;
				MARKETING_VERSION = 1.0;
				PRODUCT_BUNDLE_IDENTIFIER = danielparra.blackmarket;
				PRODUCT_NAME = "$(TARGET_NAME)";
				SDKROOT = auto;
				SUPPORTED_PLATFORMS = "iphoneos iphonesimulator macosx";
				SWIFT_EMIT_LOC_STRINGS = YES;
				SWIFT_VERSION = 5.0;
				TARGETED_DEVICE_FAMILY = "1,2";
			};
			name = Release;
		};
		2475D82728E3CED800630DE5 /* Debug */ = {
			isa = XCBuildConfiguration;
			buildSettings = {
				ALWAYS_EMBED_SWIFT_STANDARD_LIBRARIES = YES;
				BUNDLE_LOADER = "$(TEST_HOST)";
				CODE_SIGN_STYLE = Automatic;
				CURRENT_PROJECT_VERSION = 1;
				DEVELOPMENT_TEAM = W2U7ETVQ2D;
				GENERATE_INFOPLIST_FILE = YES;
				IPHONEOS_DEPLOYMENT_TARGET = 16.0;
				MACOSX_DEPLOYMENT_TARGET = 12.3;
				MARKETING_VERSION = 1.0;
				PRODUCT_BUNDLE_IDENTIFIER = danielparra.blackmarketTests;
				PRODUCT_NAME = "$(TARGET_NAME)";
				SDKROOT = auto;
				SUPPORTED_PLATFORMS = "iphoneos iphonesimulator macosx";
				SWIFT_EMIT_LOC_STRINGS = NO;
				SWIFT_VERSION = 5.0;
				TARGETED_DEVICE_FAMILY = "1,2";
				TEST_HOST = "$(BUILT_PRODUCTS_DIR)/blackmarket.app/$(BUNDLE_EXECUTABLE_FOLDER_PATH)/blackmarket";
			};
			name = Debug;
		};
		2475D82828E3CED800630DE5 /* Release */ = {
			isa = XCBuildConfiguration;
			buildSettings = {
				ALWAYS_EMBED_SWIFT_STANDARD_LIBRARIES = YES;
				BUNDLE_LOADER = "$(TEST_HOST)";
				CODE_SIGN_STYLE = Automatic;
				CURRENT_PROJECT_VERSION = 1;
				DEVELOPMENT_TEAM = W2U7ETVQ2D;
				GENERATE_INFOPLIST_FILE = YES;
				IPHONEOS_DEPLOYMENT_TARGET = 16.0;
				MACOSX_DEPLOYMENT_TARGET = 12.3;
				MARKETING_VERSION = 1.0;
				PRODUCT_BUNDLE_IDENTIFIER = danielparra.blackmarketTests;
				PRODUCT_NAME = "$(TARGET_NAME)";
				SDKROOT = auto;
				SUPPORTED_PLATFORMS = "iphoneos iphonesimulator macosx";
				SWIFT_EMIT_LOC_STRINGS = NO;
				SWIFT_VERSION = 5.0;
				TARGETED_DEVICE_FAMILY = "1,2";
				TEST_HOST = "$(BUILT_PRODUCTS_DIR)/blackmarket.app/$(BUNDLE_EXECUTABLE_FOLDER_PATH)/blackmarket";
			};
			name = Release;
		};
		2475D82A28E3CED800630DE5 /* Debug */ = {
			isa = XCBuildConfiguration;
			buildSettings = {
				ALWAYS_EMBED_SWIFT_STANDARD_LIBRARIES = YES;
				CODE_SIGN_STYLE = Automatic;
				CURRENT_PROJECT_VERSION = 1;
				DEVELOPMENT_TEAM = W2U7ETVQ2D;
				GENERATE_INFOPLIST_FILE = YES;
				IPHONEOS_DEPLOYMENT_TARGET = 16.0;
				MACOSX_DEPLOYMENT_TARGET = 12.3;
				MARKETING_VERSION = 1.0;
				PRODUCT_BUNDLE_IDENTIFIER = danielparra.blackmarketUITests;
				PRODUCT_NAME = "$(TARGET_NAME)";
				SDKROOT = auto;
				SUPPORTED_PLATFORMS = "iphoneos iphonesimulator macosx";
				SWIFT_EMIT_LOC_STRINGS = NO;
				SWIFT_VERSION = 5.0;
				TARGETED_DEVICE_FAMILY = "1,2";
				TEST_TARGET_NAME = blackmarket;
			};
			name = Debug;
		};
		2475D82B28E3CED800630DE5 /* Release */ = {
			isa = XCBuildConfiguration;
			buildSettings = {
				ALWAYS_EMBED_SWIFT_STANDARD_LIBRARIES = YES;
				CODE_SIGN_STYLE = Automatic;
				CURRENT_PROJECT_VERSION = 1;
				DEVELOPMENT_TEAM = W2U7ETVQ2D;
				GENERATE_INFOPLIST_FILE = YES;
				IPHONEOS_DEPLOYMENT_TARGET = 16.0;
				MACOSX_DEPLOYMENT_TARGET = 12.3;
				MARKETING_VERSION = 1.0;
				PRODUCT_BUNDLE_IDENTIFIER = danielparra.blackmarketUITests;
				PRODUCT_NAME = "$(TARGET_NAME)";
				SDKROOT = auto;
				SUPPORTED_PLATFORMS = "iphoneos iphonesimulator macosx";
				SWIFT_EMIT_LOC_STRINGS = NO;
				SWIFT_VERSION = 5.0;
				TARGETED_DEVICE_FAMILY = "1,2";
				TEST_TARGET_NAME = blackmarket;
			};
			name = Release;
		};
/* End XCBuildConfiguration section */

/* Begin XCConfigurationList section */
		2475D7F928E3CED700630DE5 /* Build configuration list for PBXProject "blackmarket" */ = {
			isa = XCConfigurationList;
			buildConfigurations = (
				2475D82128E3CED800630DE5 /* Debug */,
				2475D82228E3CED800630DE5 /* Release */,
			);
			defaultConfigurationIsVisible = 0;
			defaultConfigurationName = Release;
		};
		2475D82328E3CED800630DE5 /* Build configuration list for PBXNativeTarget "blackmarket" */ = {
			isa = XCConfigurationList;
			buildConfigurations = (
				2475D82428E3CED800630DE5 /* Debug */,
				2475D82528E3CED800630DE5 /* Release */,
			);
			defaultConfigurationIsVisible = 0;
			defaultConfigurationName = Release;
		};
		2475D82628E3CED800630DE5 /* Build configuration list for PBXNativeTarget "blackmarketTests" */ = {
			isa = XCConfigurationList;
			buildConfigurations = (
				2475D82728E3CED800630DE5 /* Debug */,
				2475D82828E3CED800630DE5 /* Release */,
			);
			defaultConfigurationIsVisible = 0;
			defaultConfigurationName = Release;
		};
		2475D82928E3CED800630DE5 /* Build configuration list for PBXNativeTarget "blackmarketUITests" */ = {
			isa = XCConfigurationList;
			buildConfigurations = (
				2475D82A28E3CED800630DE5 /* Debug */,
				2475D82B28E3CED800630DE5 /* Release */,
			);
			defaultConfigurationIsVisible = 0;
			defaultConfigurationName = Release;
		};
/* End XCConfigurationList section */

/* Begin XCRemoteSwiftPackageReference section */
		24B13A8128EB99E3002364E9 /* XCRemoteSwiftPackageReference "RSSwiftNetworking" */ = {
			isa = XCRemoteSwiftPackageReference;
			repositoryURL = "https://github.com/rootstrap/RSSwiftNetworking.git";
			requirement = {
				branch = main;
				kind = branch;
			};
		};
/* End XCRemoteSwiftPackageReference section */

/* Begin XCSwiftPackageProductDependency section */
		24B13A8228EB99E3002364E9 /* RSSwiftNetworking */ = {
			isa = XCSwiftPackageProductDependency;
			package = 24B13A8128EB99E3002364E9 /* XCRemoteSwiftPackageReference "RSSwiftNetworking" */;
			productName = RSSwiftNetworking;
		};
		24B13A8428EB99E3002364E9 /* RSSwiftNetworkingAlamofire */ = {
			isa = XCSwiftPackageProductDependency;
			package = 24B13A8128EB99E3002364E9 /* XCRemoteSwiftPackageReference "RSSwiftNetworking" */;
			productName = RSSwiftNetworkingAlamofire;
		};
/* End XCSwiftPackageProductDependency section */
	};
	rootObject = 2475D7F628E3CED700630DE5 /* Project object */;
}
